// !$*UTF8*$!
{
	archiveVersion = 1;
	classes = {
	};
	objectVersion = 56;
	objects = {

/* Begin PBXBuildFile section */
		3F3E90872C22325F00802E61 /* AppDelegate.swift in Sources */ = {isa = PBXBuildFile; fileRef = 3F3E90862C22325F00802E61 /* AppDelegate.swift */; };
		3F3E90892C22325F00802E61 /* SceneDelegate.swift in Sources */ = {isa = PBXBuildFile; fileRef = 3F3E90882C22325F00802E61 /* SceneDelegate.swift */; };
		3F3E908B2C22325F00802E61 /* HomeVC.swift in Sources */ = {isa = PBXBuildFile; fileRef = 3F3E908A2C22325F00802E61 /* HomeVC.swift */; };
		3F3E90902C22326200802E61 /* Assets.xcassets in Resources */ = {isa = PBXBuildFile; fileRef = 3F3E908F2C22326200802E61 /* Assets.xcassets */; };
		3F3E90932C22326200802E61 /* Base in Resources */ = {isa = PBXBuildFile; fileRef = 3F3E90922C22326200802E61 /* Base */; };
		3F3E909E2C22326200802E61 /* CinetopiaTests.swift in Sources */ = {isa = PBXBuildFile; fileRef = 3F3E909D2C22326200802E61 /* CinetopiaTests.swift */; };
		3F3E90A82C22326200802E61 /* CinetopiaUITests.swift in Sources */ = {isa = PBXBuildFile; fileRef = 3F3E90A72C22326200802E61 /* CinetopiaUITests.swift */; };
		3F3E90AA2C22326200802E61 /* CinetopiaUITestsLaunchTests.swift in Sources */ = {isa = PBXBuildFile; fileRef = 3F3E90A92C22326200802E61 /* CinetopiaUITestsLaunchTests.swift */; };
		3F3E90B72C23500100802E61 /* ViewCode.swift in Sources */ = {isa = PBXBuildFile; fileRef = 3F3E90B62C23500100802E61 /* ViewCode.swift */; };
		3F3E90BA2C23506100802E61 /* HomeScreen.swift in Sources */ = {isa = PBXBuildFile; fileRef = 3F3E90B92C23506100802E61 /* HomeScreen.swift */; };
		3F3E90BC2C23507A00802E61 /* HomeViewModel.swift in Sources */ = {isa = PBXBuildFile; fileRef = 3F3E90BB2C23507A00802E61 /* HomeViewModel.swift */; };
		3F3E90BF2C24BA6C00802E61 /* MoviesScreen.swift in Sources */ = {isa = PBXBuildFile; fileRef = 3F3E90BE2C24BA6C00802E61 /* MoviesScreen.swift */; };
		3F3E90C12C24BA9400802E61 /* MoviesVC.swift in Sources */ = {isa = PBXBuildFile; fileRef = 3F3E90C02C24BA9400802E61 /* MoviesVC.swift */; };
		3F3E90C32C24BAA900802E61 /* MoviesViewModel.swift in Sources */ = {isa = PBXBuildFile; fileRef = 3F3E90C22C24BAA900802E61 /* MoviesViewModel.swift */; };
		3F3E90C62C25EDA000802E61 /* Movie.swift in Sources */ = {isa = PBXBuildFile; fileRef = 3F3E90C52C25EDA000802E61 /* Movie.swift */; };
		3F3E90C92C25FB9A00802E61 /* MovieTableViewCell.swift in Sources */ = {isa = PBXBuildFile; fileRef = 3F3E90C82C25FB9A00802E61 /* MovieTableViewCell.swift */; };
		3F3E90CF2C2A123000802E61 /* MovieDetailsVC.swift in Sources */ = {isa = PBXBuildFile; fileRef = 3F3E90CE2C2A123000802E61 /* MovieDetailsVC.swift */; };
		3F3E90D32C2A124D00802E61 /* MovieDetailsViewModel.swift in Sources */ = {isa = PBXBuildFile; fileRef = 3F3E90D22C2A124C00802E61 /* MovieDetailsViewModel.swift */; };
		3F3E90D52C2A127200802E61 /* MovieDetailsScreen.swift in Sources */ = {isa = PBXBuildFile; fileRef = 3F3E90D42C2A127200802E61 /* MovieDetailsScreen.swift */; };
/* End PBXBuildFile section */

/* Begin PBXContainerItemProxy section */
		3F3E909A2C22326200802E61 /* PBXContainerItemProxy */ = {
			isa = PBXContainerItemProxy;
			containerPortal = 3F3E907B2C22325F00802E61 /* Project object */;
			proxyType = 1;
			remoteGlobalIDString = 3F3E90822C22325F00802E61;
			remoteInfo = Cinetopia;
		};
		3F3E90A42C22326200802E61 /* PBXContainerItemProxy */ = {
			isa = PBXContainerItemProxy;
			containerPortal = 3F3E907B2C22325F00802E61 /* Project object */;
			proxyType = 1;
			remoteGlobalIDString = 3F3E90822C22325F00802E61;
			remoteInfo = Cinetopia;
		};
/* End PBXContainerItemProxy section */

/* Begin PBXFileReference section */
		3F3E90832C22325F00802E61 /* Cinetopia.app */ = {isa = PBXFileReference; explicitFileType = wrapper.application; includeInIndex = 0; path = Cinetopia.app; sourceTree = BUILT_PRODUCTS_DIR; };
		3F3E90862C22325F00802E61 /* AppDelegate.swift */ = {isa = PBXFileReference; lastKnownFileType = sourcecode.swift; path = AppDelegate.swift; sourceTree = "<group>"; };
		3F3E90882C22325F00802E61 /* SceneDelegate.swift */ = {isa = PBXFileReference; lastKnownFileType = sourcecode.swift; path = SceneDelegate.swift; sourceTree = "<group>"; };
		3F3E908A2C22325F00802E61 /* HomeVC.swift */ = {isa = PBXFileReference; lastKnownFileType = sourcecode.swift; path = HomeVC.swift; sourceTree = "<group>"; };
		3F3E908F2C22326200802E61 /* Assets.xcassets */ = {isa = PBXFileReference; lastKnownFileType = folder.assetcatalog; path = Assets.xcassets; sourceTree = "<group>"; };
		3F3E90922C22326200802E61 /* Base */ = {isa = PBXFileReference; lastKnownFileType = file.storyboard; name = Base; path = Base.lproj/LaunchScreen.storyboard; sourceTree = "<group>"; };
		3F3E90942C22326200802E61 /* Info.plist */ = {isa = PBXFileReference; lastKnownFileType = text.plist.xml; path = Info.plist; sourceTree = "<group>"; };
		3F3E90992C22326200802E61 /* CinetopiaTests.xctest */ = {isa = PBXFileReference; explicitFileType = wrapper.cfbundle; includeInIndex = 0; path = CinetopiaTests.xctest; sourceTree = BUILT_PRODUCTS_DIR; };
		3F3E909D2C22326200802E61 /* CinetopiaTests.swift */ = {isa = PBXFileReference; lastKnownFileType = sourcecode.swift; path = CinetopiaTests.swift; sourceTree = "<group>"; };
		3F3E90A32C22326200802E61 /* CinetopiaUITests.xctest */ = {isa = PBXFileReference; explicitFileType = wrapper.cfbundle; includeInIndex = 0; path = CinetopiaUITests.xctest; sourceTree = BUILT_PRODUCTS_DIR; };
		3F3E90A72C22326200802E61 /* CinetopiaUITests.swift */ = {isa = PBXFileReference; lastKnownFileType = sourcecode.swift; path = CinetopiaUITests.swift; sourceTree = "<group>"; };
		3F3E90A92C22326200802E61 /* CinetopiaUITestsLaunchTests.swift */ = {isa = PBXFileReference; lastKnownFileType = sourcecode.swift; path = CinetopiaUITestsLaunchTests.swift; sourceTree = "<group>"; };
		3F3E90B62C23500100802E61 /* ViewCode.swift */ = {isa = PBXFileReference; lastKnownFileType = sourcecode.swift; path = ViewCode.swift; sourceTree = "<group>"; };
		3F3E90B92C23506100802E61 /* HomeScreen.swift */ = {isa = PBXFileReference; lastKnownFileType = sourcecode.swift; path = HomeScreen.swift; sourceTree = "<group>"; };
		3F3E90BB2C23507A00802E61 /* HomeViewModel.swift */ = {isa = PBXFileReference; lastKnownFileType = sourcecode.swift; path = HomeViewModel.swift; sourceTree = "<group>"; };
		3F3E90BE2C24BA6C00802E61 /* MoviesScreen.swift */ = {isa = PBXFileReference; lastKnownFileType = sourcecode.swift; path = MoviesScreen.swift; sourceTree = "<group>"; };
		3F3E90C02C24BA9400802E61 /* MoviesVC.swift */ = {isa = PBXFileReference; lastKnownFileType = sourcecode.swift; path = MoviesVC.swift; sourceTree = "<group>"; };
		3F3E90C22C24BAA900802E61 /* MoviesViewModel.swift */ = {isa = PBXFileReference; lastKnownFileType = sourcecode.swift; path = MoviesViewModel.swift; sourceTree = "<group>"; };
		3F3E90C52C25EDA000802E61 /* Movie.swift */ = {isa = PBXFileReference; lastKnownFileType = sourcecode.swift; path = Movie.swift; sourceTree = "<group>"; };
		3F3E90C82C25FB9A00802E61 /* MovieTableViewCell.swift */ = {isa = PBXFileReference; lastKnownFileType = sourcecode.swift; path = MovieTableViewCell.swift; sourceTree = "<group>"; };
		3F3E90CE2C2A123000802E61 /* MovieDetailsVC.swift */ = {isa = PBXFileReference; lastKnownFileType = sourcecode.swift; path = MovieDetailsVC.swift; sourceTree = "<group>"; };
		3F3E90D22C2A124C00802E61 /* MovieDetailsViewModel.swift */ = {isa = PBXFileReference; lastKnownFileType = sourcecode.swift; path = MovieDetailsViewModel.swift; sourceTree = "<group>"; };
		3F3E90D42C2A127200802E61 /* MovieDetailsScreen.swift */ = {isa = PBXFileReference; lastKnownFileType = sourcecode.swift; path = MovieDetailsScreen.swift; sourceTree = "<group>"; };
/* End PBXFileReference section */

/* Begin PBXFrameworksBuildPhase section */
		3F3E90802C22325F00802E61 /* Frameworks */ = {
			isa = PBXFrameworksBuildPhase;
			buildActionMask = 2147483647;
			files = (
			);
			runOnlyForDeploymentPostprocessing = 0;
		};
		3F3E90962C22326200802E61 /* Frameworks */ = {
			isa = PBXFrameworksBuildPhase;
			buildActionMask = 2147483647;
			files = (
			);
			runOnlyForDeploymentPostprocessing = 0;
		};
		3F3E90A02C22326200802E61 /* Frameworks */ = {
			isa = PBXFrameworksBuildPhase;
			buildActionMask = 2147483647;
			files = (
			);
			runOnlyForDeploymentPostprocessing = 0;
		};
/* End PBXFrameworksBuildPhase section */

/* Begin PBXGroup section */
		3F3E907A2C22325F00802E61 = {
			isa = PBXGroup;
			children = (
				3F3E90852C22325F00802E61 /* Cinetopia */,
				3F3E909C2C22326200802E61 /* CinetopiaTests */,
				3F3E90A62C22326200802E61 /* CinetopiaUITests */,
				3F3E90842C22325F00802E61 /* Products */,
			);
			sourceTree = "<group>";
		};
		3F3E90842C22325F00802E61 /* Products */ = {
			isa = PBXGroup;
			children = (
				3F3E90832C22325F00802E61 /* Cinetopia.app */,
				3F3E90992C22326200802E61 /* CinetopiaTests.xctest */,
				3F3E90A32C22326200802E61 /* CinetopiaUITests.xctest */,
			);
			name = Products;
			sourceTree = "<group>";
		};
		3F3E90852C22325F00802E61 /* Cinetopia */ = {
			isa = PBXGroup;
			children = (
				3F3E90862C22325F00802E61 /* AppDelegate.swift */,
				3F3E90882C22325F00802E61 /* SceneDelegate.swift */,
				3F3E90C42C25ED7200802E61 /* Model */,
				3F3E90B82C23503B00802E61 /* Home */,
				3F3E90BD2C24BA1700802E61 /* Movies */,
				3F3E90CD2C2A121500802E61 /* MovieDetails */,
				3F3E90B62C23500100802E61 /* ViewCode.swift */,
				3F3E908F2C22326200802E61 /* Assets.xcassets */,
				3F3E90912C22326200802E61 /* LaunchScreen.storyboard */,
				3F3E90942C22326200802E61 /* Info.plist */,
			);
			path = Cinetopia;
			sourceTree = "<group>";
		};
		3F3E909C2C22326200802E61 /* CinetopiaTests */ = {
			isa = PBXGroup;
			children = (
				3F3E909D2C22326200802E61 /* CinetopiaTests.swift */,
			);
			path = CinetopiaTests;
			sourceTree = "<group>";
		};
		3F3E90A62C22326200802E61 /* CinetopiaUITests */ = {
			isa = PBXGroup;
			children = (
				3F3E90A72C22326200802E61 /* CinetopiaUITests.swift */,
				3F3E90A92C22326200802E61 /* CinetopiaUITestsLaunchTests.swift */,
			);
			path = CinetopiaUITests;
			sourceTree = "<group>";
		};
		3F3E90B82C23503B00802E61 /* Home */ = {
			isa = PBXGroup;
			children = (
				3F3E908A2C22325F00802E61 /* HomeVC.swift */,
				3F3E90B92C23506100802E61 /* HomeScreen.swift */,
				3F3E90BB2C23507A00802E61 /* HomeViewModel.swift */,
			);
			path = Home;
			sourceTree = "<group>";
		};
		3F3E90BD2C24BA1700802E61 /* Movies */ = {
			isa = PBXGroup;
			children = (
				3F3E90C72C25FB5100802E61 /* Cell */,
				3F3E90C02C24BA9400802E61 /* MoviesVC.swift */,
				3F3E90BE2C24BA6C00802E61 /* MoviesScreen.swift */,
				3F3E90C22C24BAA900802E61 /* MoviesViewModel.swift */,
			);
			path = Movies;
			sourceTree = "<group>";
		};
		3F3E90C42C25ED7200802E61 /* Model */ = {
			isa = PBXGroup;
			children = (
				3F3E90C52C25EDA000802E61 /* Movie.swift */,
			);
			path = Model;
			sourceTree = "<group>";
		};
		3F3E90C72C25FB5100802E61 /* Cell */ = {
			isa = PBXGroup;
			children = (
				3F3E90C82C25FB9A00802E61 /* MovieTableViewCell.swift */,
			);
			path = Cell;
			sourceTree = "<group>";
		};
		3F3E90CD2C2A121500802E61 /* MovieDetails */ = {
			isa = PBXGroup;
			children = (
				3F3E90CE2C2A123000802E61 /* MovieDetailsVC.swift */,
				3F3E90D42C2A127200802E61 /* MovieDetailsScreen.swift */,
				3F3E90D22C2A124C00802E61 /* MovieDetailsViewModel.swift */,
			);
			path = MovieDetails;
			sourceTree = "<group>";
		};
/* End PBXGroup section */

/* Begin PBXNativeTarget section */
		3F3E90822C22325F00802E61 /* Cinetopia */ = {
			isa = PBXNativeTarget;
			buildConfigurationList = 3F3E90AD2C22326200802E61 /* Build configuration list for PBXNativeTarget "Cinetopia" */;
			buildPhases = (
				3F3E907F2C22325F00802E61 /* Sources */,
				3F3E90802C22325F00802E61 /* Frameworks */,
				3F3E90812C22325F00802E61 /* Resources */,
			);
			buildRules = (
			);
			dependencies = (
			);
			name = Cinetopia;
			productName = Cinetopia;
			productReference = 3F3E90832C22325F00802E61 /* Cinetopia.app */;
			productType = "com.apple.product-type.application";
		};
		3F3E90982C22326200802E61 /* CinetopiaTests */ = {
			isa = PBXNativeTarget;
			buildConfigurationList = 3F3E90B02C22326200802E61 /* Build configuration list for PBXNativeTarget "CinetopiaTests" */;
			buildPhases = (
				3F3E90952C22326200802E61 /* Sources */,
				3F3E90962C22326200802E61 /* Frameworks */,
				3F3E90972C22326200802E61 /* Resources */,
			);
			buildRules = (
			);
			dependencies = (
				3F3E909B2C22326200802E61 /* PBXTargetDependency */,
			);
			name = CinetopiaTests;
			productName = CinetopiaTests;
			productReference = 3F3E90992C22326200802E61 /* CinetopiaTests.xctest */;
			productType = "com.apple.product-type.bundle.unit-test";
		};
		3F3E90A22C22326200802E61 /* CinetopiaUITests */ = {
			isa = PBXNativeTarget;
			buildConfigurationList = 3F3E90B32C22326200802E61 /* Build configuration list for PBXNativeTarget "CinetopiaUITests" */;
			buildPhases = (
				3F3E909F2C22326200802E61 /* Sources */,
				3F3E90A02C22326200802E61 /* Frameworks */,
				3F3E90A12C22326200802E61 /* Resources */,
			);
			buildRules = (
			);
			dependencies = (
				3F3E90A52C22326200802E61 /* PBXTargetDependency */,
			);
			name = CinetopiaUITests;
			productName = CinetopiaUITests;
			productReference = 3F3E90A32C22326200802E61 /* CinetopiaUITests.xctest */;
			productType = "com.apple.product-type.bundle.ui-testing";
		};
/* End PBXNativeTarget section */

/* Begin PBXProject section */
		3F3E907B2C22325F00802E61 /* Project object */ = {
			isa = PBXProject;
			attributes = {
				BuildIndependentTargetsInParallel = 1;
				LastSwiftUpdateCheck = 1540;
				LastUpgradeCheck = 1540;
				TargetAttributes = {
					3F3E90822C22325F00802E61 = {
						CreatedOnToolsVersion = 15.4;
					};
					3F3E90982C22326200802E61 = {
						CreatedOnToolsVersion = 15.4;
						TestTargetID = 3F3E90822C22325F00802E61;
					};
					3F3E90A22C22326200802E61 = {
						CreatedOnToolsVersion = 15.4;
						TestTargetID = 3F3E90822C22325F00802E61;
					};
				};
			};
			buildConfigurationList = 3F3E907E2C22325F00802E61 /* Build configuration list for PBXProject "Cinetopia" */;
			compatibilityVersion = "Xcode 14.0";
			developmentRegion = en;
			hasScannedForEncodings = 0;
			knownRegions = (
				en,
				Base,
			);
			mainGroup = 3F3E907A2C22325F00802E61;
			productRefGroup = 3F3E90842C22325F00802E61 /* Products */;
			projectDirPath = "";
			projectRoot = "";
			targets = (
				3F3E90822C22325F00802E61 /* Cinetopia */,
				3F3E90982C22326200802E61 /* CinetopiaTests */,
				3F3E90A22C22326200802E61 /* CinetopiaUITests */,
			);
		};
/* End PBXProject section */

/* Begin PBXResourcesBuildPhase section */
		3F3E90812C22325F00802E61 /* Resources */ = {
			isa = PBXResourcesBuildPhase;
			buildActionMask = 2147483647;
			files = (
				3F3E90902C22326200802E61 /* Assets.xcassets in Resources */,
				3F3E90932C22326200802E61 /* Base in Resources */,
			);
			runOnlyForDeploymentPostprocessing = 0;
		};
		3F3E90972C22326200802E61 /* Resources */ = {
			isa = PBXResourcesBuildPhase;
			buildActionMask = 2147483647;
			files = (
			);
			runOnlyForDeploymentPostprocessing = 0;
		};
		3F3E90A12C22326200802E61 /* Resources */ = {
			isa = PBXResourcesBuildPhase;
			buildActionMask = 2147483647;
			files = (
			);
			runOnlyForDeploymentPostprocessing = 0;
		};
/* End PBXResourcesBuildPhase section */

/* Begin PBXSourcesBuildPhase section */
		3F3E907F2C22325F00802E61 /* Sources */ = {
			isa = PBXSourcesBuildPhase;
			buildActionMask = 2147483647;
			files = (
				3F3E90D32C2A124D00802E61 /* MovieDetailsViewModel.swift in Sources */,
				3F3E908B2C22325F00802E61 /* HomeVC.swift in Sources */,
				3F3E90BF2C24BA6C00802E61 /* MoviesScreen.swift in Sources */,
				3F3E90CF2C2A123000802E61 /* MovieDetailsVC.swift in Sources */,
				3F3E90BC2C23507A00802E61 /* HomeViewModel.swift in Sources */,
				3F3E90BA2C23506100802E61 /* HomeScreen.swift in Sources */,
				3F3E90C62C25EDA000802E61 /* Movie.swift in Sources */,
				3F3E90C32C24BAA900802E61 /* MoviesViewModel.swift in Sources */,
				3F3E90C92C25FB9A00802E61 /* MovieTableViewCell.swift in Sources */,
				3F3E90872C22325F00802E61 /* AppDelegate.swift in Sources */,
				3F3E90C12C24BA9400802E61 /* MoviesVC.swift in Sources */,
				3F3E90D52C2A127200802E61 /* MovieDetailsScreen.swift in Sources */,
				3F3E90892C22325F00802E61 /* SceneDelegate.swift in Sources */,
				3F3E90B72C23500100802E61 /* ViewCode.swift in Sources */,
			);
			runOnlyForDeploymentPostprocessing = 0;
		};
		3F3E90952C22326200802E61 /* Sources */ = {
			isa = PBXSourcesBuildPhase;
			buildActionMask = 2147483647;
			files = (
				3F3E909E2C22326200802E61 /* CinetopiaTests.swift in Sources */,
			);
			runOnlyForDeploymentPostprocessing = 0;
		};
		3F3E909F2C22326200802E61 /* Sources */ = {
			isa = PBXSourcesBuildPhase;
			buildActionMask = 2147483647;
			files = (
				3F3E90A82C22326200802E61 /* CinetopiaUITests.swift in Sources */,
				3F3E90AA2C22326200802E61 /* CinetopiaUITestsLaunchTests.swift in Sources */,
			);
			runOnlyForDeploymentPostprocessing = 0;
		};
/* End PBXSourcesBuildPhase section */

/* Begin PBXTargetDependency section */
		3F3E909B2C22326200802E61 /* PBXTargetDependency */ = {
			isa = PBXTargetDependency;
			target = 3F3E90822C22325F00802E61 /* Cinetopia */;
			targetProxy = 3F3E909A2C22326200802E61 /* PBXContainerItemProxy */;
		};
		3F3E90A52C22326200802E61 /* PBXTargetDependency */ = {
			isa = PBXTargetDependency;
			target = 3F3E90822C22325F00802E61 /* Cinetopia */;
			targetProxy = 3F3E90A42C22326200802E61 /* PBXContainerItemProxy */;
		};
/* End PBXTargetDependency section */

/* Begin PBXVariantGroup section */
		3F3E90912C22326200802E61 /* LaunchScreen.storyboard */ = {
			isa = PBXVariantGroup;
			children = (
				3F3E90922C22326200802E61 /* Base */,
			);
			name = LaunchScreen.storyboard;
			sourceTree = "<group>";
		};
/* End PBXVariantGroup section */

/* Begin XCBuildConfiguration section */
		3F3E90AB2C22326200802E61 /* Debug */ = {
			isa = XCBuildConfiguration;
			buildSettings = {
				ALWAYS_SEARCH_USER_PATHS = NO;
				ASSETCATALOG_COMPILER_GENERATE_SWIFT_ASSET_SYMBOL_EXTENSIONS = YES;
				CLANG_ANALYZER_NONNULL = YES;
				CLANG_ANALYZER_NUMBER_OBJECT_CONVERSION = YES_AGGRESSIVE;
				CLANG_CXX_LANGUAGE_STANDARD = "gnu++20";
				CLANG_ENABLE_MODULES = YES;
				CLANG_ENABLE_OBJC_ARC = YES;
				CLANG_ENABLE_OBJC_WEAK = YES;
				CLANG_WARN_BLOCK_CAPTURE_AUTORELEASING = YES;
				CLANG_WARN_BOOL_CONVERSION = YES;
				CLANG_WARN_COMMA = YES;
				CLANG_WARN_CONSTANT_CONVERSION = YES;
				CLANG_WARN_DEPRECATED_OBJC_IMPLEMENTATIONS = YES;
				CLANG_WARN_DIRECT_OBJC_ISA_USAGE = YES_ERROR;
				CLANG_WARN_DOCUMENTATION_COMMENTS = YES;
				CLANG_WARN_EMPTY_BODY = YES;
				CLANG_WARN_ENUM_CONVERSION = YES;
				CLANG_WARN_INFINITE_RECURSION = YES;
				CLANG_WARN_INT_CONVERSION = YES;
				CLANG_WARN_NON_LITERAL_NULL_CONVERSION = YES;
				CLANG_WARN_OBJC_IMPLICIT_RETAIN_SELF = YES;
				CLANG_WARN_OBJC_LITERAL_CONVERSION = YES;
				CLANG_WARN_OBJC_ROOT_CLASS = YES_ERROR;
				CLANG_WARN_QUOTED_INCLUDE_IN_FRAMEWORK_HEADER = YES;
				CLANG_WARN_RANGE_LOOP_ANALYSIS = YES;
				CLANG_WARN_STRICT_PROTOTYPES = YES;
				CLANG_WARN_SUSPICIOUS_MOVE = YES;
				CLANG_WARN_UNGUARDED_AVAILABILITY = YES_AGGRESSIVE;
				CLANG_WARN_UNREACHABLE_CODE = YES;
				CLANG_WARN__DUPLICATE_METHOD_MATCH = YES;
				COPY_PHASE_STRIP = NO;
				DEBUG_INFORMATION_FORMAT = dwarf;
				ENABLE_STRICT_OBJC_MSGSEND = YES;
				ENABLE_TESTABILITY = YES;
				ENABLE_USER_SCRIPT_SANDBOXING = YES;
				GCC_C_LANGUAGE_STANDARD = gnu17;
				GCC_DYNAMIC_NO_PIC = NO;
				GCC_NO_COMMON_BLOCKS = YES;
				GCC_OPTIMIZATION_LEVEL = 0;
				GCC_PREPROCESSOR_DEFINITIONS = (
					"DEBUG=1",
					"$(inherited)",
				);
				GCC_WARN_64_TO_32_BIT_CONVERSION = YES;
				GCC_WARN_ABOUT_RETURN_TYPE = YES_ERROR;
				GCC_WARN_UNDECLARED_SELECTOR = YES;
				GCC_WARN_UNINITIALIZED_AUTOS = YES_AGGRESSIVE;
				GCC_WARN_UNUSED_FUNCTION = YES;
				GCC_WARN_UNUSED_VARIABLE = YES;
				IPHONEOS_DEPLOYMENT_TARGET = 17.5;
				LOCALIZATION_PREFERS_STRING_CATALOGS = YES;
				MTL_ENABLE_DEBUG_INFO = INCLUDE_SOURCE;
				MTL_FAST_MATH = YES;
				ONLY_ACTIVE_ARCH = YES;
				SDKROOT = iphoneos;
				SWIFT_ACTIVE_COMPILATION_CONDITIONS = "DEBUG $(inherited)";
				SWIFT_OPTIMIZATION_LEVEL = "-Onone";
			};
			name = Debug;
		};
		3F3E90AC2C22326200802E61 /* Release */ = {
			isa = XCBuildConfiguration;
			buildSettings = {
				ALWAYS_SEARCH_USER_PATHS = NO;
				ASSETCATALOG_COMPILER_GENERATE_SWIFT_ASSET_SYMBOL_EXTENSIONS = YES;
				CLANG_ANALYZER_NONNULL = YES;
				CLANG_ANALYZER_NUMBER_OBJECT_CONVERSION = YES_AGGRESSIVE;
				CLANG_CXX_LANGUAGE_STANDARD = "gnu++20";
				CLANG_ENABLE_MODULES = YES;
				CLANG_ENABLE_OBJC_ARC = YES;
				CLANG_ENABLE_OBJC_WEAK = YES;
				CLANG_WARN_BLOCK_CAPTURE_AUTORELEASING = YES;
				CLANG_WARN_BOOL_CONVERSION = YES;
				CLANG_WARN_COMMA = YES;
				CLANG_WARN_CONSTANT_CONVERSION = YES;
				CLANG_WARN_DEPRECATED_OBJC_IMPLEMENTATIONS = YES;
				CLANG_WARN_DIRECT_OBJC_ISA_USAGE = YES_ERROR;
				CLANG_WARN_DOCUMENTATION_COMMENTS = YES;
				CLANG_WARN_EMPTY_BODY = YES;
				CLANG_WARN_ENUM_CONVERSION = YES;
				CLANG_WARN_INFINITE_RECURSION = YES;
				CLANG_WARN_INT_CONVERSION = YES;
				CLANG_WARN_NON_LITERAL_NULL_CONVERSION = YES;
				CLANG_WARN_OBJC_IMPLICIT_RETAIN_SELF = YES;
				CLANG_WARN_OBJC_LITERAL_CONVERSION = YES;
				CLANG_WARN_OBJC_ROOT_CLASS = YES_ERROR;
				CLANG_WARN_QUOTED_INCLUDE_IN_FRAMEWORK_HEADER = YES;
				CLANG_WARN_RANGE_LOOP_ANALYSIS = YES;
				CLANG_WARN_STRICT_PROTOTYPES = YES;
				CLANG_WARN_SUSPICIOUS_MOVE = YES;
				CLANG_WARN_UNGUARDED_AVAILABILITY = YES_AGGRESSIVE;
				CLANG_WARN_UNREACHABLE_CODE = YES;
				CLANG_WARN__DUPLICATE_METHOD_MATCH = YES;
				COPY_PHASE_STRIP = NO;
				DEBUG_INFORMATION_FORMAT = "dwarf-with-dsym";
				ENABLE_NS_ASSERTIONS = NO;
				ENABLE_STRICT_OBJC_MSGSEND = YES;
				ENABLE_USER_SCRIPT_SANDBOXING = YES;
				GCC_C_LANGUAGE_STANDARD = gnu17;
				GCC_NO_COMMON_BLOCKS = YES;
				GCC_WARN_64_TO_32_BIT_CONVERSION = YES;
				GCC_WARN_ABOUT_RETURN_TYPE = YES_ERROR;
				GCC_WARN_UNDECLARED_SELECTOR = YES;
				GCC_WARN_UNINITIALIZED_AUTOS = YES_AGGRESSIVE;
				GCC_WARN_UNUSED_FUNCTION = YES;
				GCC_WARN_UNUSED_VARIABLE = YES;
				IPHONEOS_DEPLOYMENT_TARGET = 17.5;
				LOCALIZATION_PREFERS_STRING_CATALOGS = YES;
				MTL_ENABLE_DEBUG_INFO = NO;
				MTL_FAST_MATH = YES;
				SDKROOT = iphoneos;
				SWIFT_COMPILATION_MODE = wholemodule;
				VALIDATE_PRODUCT = YES;
			};
			name = Release;
		};
		3F3E90AE2C22326200802E61 /* Debug */ = {
			isa = XCBuildConfiguration;
			buildSettings = {
				ASSETCATALOG_COMPILER_APPICON_NAME = AppIcon;
				ASSETCATALOG_COMPILER_GLOBAL_ACCENT_COLOR_NAME = AccentColor;
				CODE_SIGN_STYLE = Automatic;
				CURRENT_PROJECT_VERSION = 1;
				DEVELOPMENT_TEAM = 738B22MJV3;
				GENERATE_INFOPLIST_FILE = YES;
				INFOPLIST_FILE = Cinetopia/Info.plist;
				INFOPLIST_KEY_UIApplicationSupportsIndirectInputEvents = YES;
				INFOPLIST_KEY_UILaunchStoryboardName = LaunchScreen;
				INFOPLIST_KEY_UISupportedInterfaceOrientations_iPad = "UIInterfaceOrientationPortrait UIInterfaceOrientationPortraitUpsideDown UIInterfaceOrientationLandscapeLeft UIInterfaceOrientationLandscapeRight";
				INFOPLIST_KEY_UISupportedInterfaceOrientations_iPhone = "UIInterfaceOrientationPortrait UIInterfaceOrientationLandscapeLeft UIInterfaceOrientationLandscapeRight";
				LD_RUNPATH_SEARCH_PATHS = (
					"$(inherited)",
					"@executable_path/Frameworks",
				);
				MARKETING_VERSION = 1.0;
				PRODUCT_BUNDLE_IDENTIFIER = bruunomooura.Cinetopia;
				PRODUCT_NAME = "$(TARGET_NAME)";
				SWIFT_EMIT_LOC_STRINGS = YES;
				SWIFT_VERSION = 5.0;
				TARGETED_DEVICE_FAMILY = "1,2";
			};
			name = Debug;
		};
		3F3E90AF2C22326200802E61 /* Release */ = {
			isa = XCBuildConfiguration;
			buildSettings = {
				ASSETCATALOG_COMPILER_APPICON_NAME = AppIcon;
				ASSETCATALOG_COMPILER_GLOBAL_ACCENT_COLOR_NAME = AccentColor;
				CODE_SIGN_STYLE = Automatic;
				CURRENT_PROJECT_VERSION = 1;
				DEVELOPMENT_TEAM = 738B22MJV3;
				GENERATE_INFOPLIST_FILE = YES;
				INFOPLIST_FILE = Cinetopia/Info.plist;
				INFOPLIST_KEY_UIApplicationSupportsIndirectInputEvents = YES;
				INFOPLIST_KEY_UILaunchStoryboardName = LaunchScreen;
				INFOPLIST_KEY_UISupportedInterfaceOrientations_iPad = "UIInterfaceOrientationPortrait UIInterfaceOrientationPortraitUpsideDown UIInterfaceOrientationLandscapeLeft UIInterfaceOrientationLandscapeRight";
				INFOPLIST_KEY_UISupportedInterfaceOrientations_iPhone = "UIInterfaceOrientationPortrait UIInterfaceOrientationLandscapeLeft UIInterfaceOrientationLandscapeRight";
				LD_RUNPATH_SEARCH_PATHS = (
					"$(inherited)",
					"@executable_path/Frameworks",
				);
				MARKETING_VERSION = 1.0;
				PRODUCT_BUNDLE_IDENTIFIER = bruunomooura.Cinetopia;
				PRODUCT_NAME = "$(TARGET_NAME)";
				SWIFT_EMIT_LOC_STRINGS = YES;
				SWIFT_VERSION = 5.0;
				TARGETED_DEVICE_FAMILY = "1,2";
			};
			name = Release;
		};
		3F3E90B12C22326200802E61 /* Debug */ = {
			isa = XCBuildConfiguration;
			buildSettings = {
				ALWAYS_EMBED_SWIFT_STANDARD_LIBRARIES = YES;
				BUNDLE_LOADER = "$(TEST_HOST)";
				CODE_SIGN_STYLE = Automatic;
				CURRENT_PROJECT_VERSION = 1;
				DEVELOPMENT_TEAM = 738B22MJV3;
				GENERATE_INFOPLIST_FILE = YES;
				IPHONEOS_DEPLOYMENT_TARGET = 17.5;
				MARKETING_VERSION = 1.0;
				PRODUCT_BUNDLE_IDENTIFIER = bruunomooura.CinetopiaTests;
				PRODUCT_NAME = "$(TARGET_NAME)";
				SWIFT_EMIT_LOC_STRINGS = NO;
				SWIFT_VERSION = 5.0;
				TARGETED_DEVICE_FAMILY = "1,2";
				TEST_HOST = "$(BUILT_PRODUCTS_DIR)/Cinetopia.app/$(BUNDLE_EXECUTABLE_FOLDER_PATH)/Cinetopia";
			};
			name = Debug;
		};
		3F3E90B22C22326200802E61 /* Release */ = {
			isa = XCBuildConfiguration;
			buildSettings = {
				ALWAYS_EMBED_SWIFT_STANDARD_LIBRARIES = YES;
				BUNDLE_LOADER = "$(TEST_HOST)";
				CODE_SIGN_STYLE = Automatic;
				CURRENT_PROJECT_VERSION = 1;
				DEVELOPMENT_TEAM = 738B22MJV3;
				GENERATE_INFOPLIST_FILE = YES;
				IPHONEOS_DEPLOYMENT_TARGET = 17.5;
				MARKETING_VERSION = 1.0;
				PRODUCT_BUNDLE_IDENTIFIER = bruunomooura.CinetopiaTests;
				PRODUCT_NAME = "$(TARGET_NAME)";
				SWIFT_EMIT_LOC_STRINGS = NO;
				SWIFT_VERSION = 5.0;
				TARGETED_DEVICE_FAMILY = "1,2";
				TEST_HOST = "$(BUILT_PRODUCTS_DIR)/Cinetopia.app/$(BUNDLE_EXECUTABLE_FOLDER_PATH)/Cinetopia";
			};
			name = Release;
		};
		3F3E90B42C22326200802E61 /* Debug */ = {
			isa = XCBuildConfiguration;
			buildSettings = {
				ALWAYS_EMBED_SWIFT_STANDARD_LIBRARIES = YES;
				CODE_SIGN_STYLE = Automatic;
				CURRENT_PROJECT_VERSION = 1;
				DEVELOPMENT_TEAM = 738B22MJV3;
				GENERATE_INFOPLIST_FILE = YES;
				MARKETING_VERSION = 1.0;
				PRODUCT_BUNDLE_IDENTIFIER = bruunomooura.CinetopiaUITests;
				PRODUCT_NAME = "$(TARGET_NAME)";
				SWIFT_EMIT_LOC_STRINGS = NO;
				SWIFT_VERSION = 5.0;
				TARGETED_DEVICE_FAMILY = "1,2";
				TEST_TARGET_NAME = Cinetopia;
			};
			name = Debug;
		};
		3F3E90B52C22326200802E61 /* Release */ = {
			isa = XCBuildConfiguration;
			buildSettings = {
				ALWAYS_EMBED_SWIFT_STANDARD_LIBRARIES = YES;
				CODE_SIGN_STYLE = Automatic;
				CURRENT_PROJECT_VERSION = 1;
				DEVELOPMENT_TEAM = 738B22MJV3;
				GENERATE_INFOPLIST_FILE = YES;
				MARKETING_VERSION = 1.0;
				PRODUCT_BUNDLE_IDENTIFIER = bruunomooura.CinetopiaUITests;
				PRODUCT_NAME = "$(TARGET_NAME)";
				SWIFT_EMIT_LOC_STRINGS = NO;
				SWIFT_VERSION = 5.0;
				TARGETED_DEVICE_FAMILY = "1,2";
				TEST_TARGET_NAME = Cinetopia;
			};
			name = Release;
		};
/* End XCBuildConfiguration section */

/* Begin XCConfigurationList section */
		3F3E907E2C22325F00802E61 /* Build configuration list for PBXProject "Cinetopia" */ = {
			isa = XCConfigurationList;
			buildConfigurations = (
				3F3E90AB2C22326200802E61 /* Debug */,
				3F3E90AC2C22326200802E61 /* Release */,
			);
			defaultConfigurationIsVisible = 0;
			defaultConfigurationName = Release;
		};
		3F3E90AD2C22326200802E61 /* Build configuration list for PBXNativeTarget "Cinetopia" */ = {
			isa = XCConfigurationList;
			buildConfigurations = (
				3F3E90AE2C22326200802E61 /* Debug */,
				3F3E90AF2C22326200802E61 /* Release */,
			);
			defaultConfigurationIsVisible = 0;
			defaultConfigurationName = Release;
		};
		3F3E90B02C22326200802E61 /* Build configuration list for PBXNativeTarget "CinetopiaTests" */ = {
			isa = XCConfigurationList;
			buildConfigurations = (
				3F3E90B12C22326200802E61 /* Debug */,
				3F3E90B22C22326200802E61 /* Release */,
			);
			defaultConfigurationIsVisible = 0;
			defaultConfigurationName = Release;
		};
		3F3E90B32C22326200802E61 /* Build configuration list for PBXNativeTarget "CinetopiaUITests" */ = {
			isa = XCConfigurationList;
			buildConfigurations = (
				3F3E90B42C22326200802E61 /* Debug */,
				3F3E90B52C22326200802E61 /* Release */,
			);
			defaultConfigurationIsVisible = 0;
			defaultConfigurationName = Release;
		};
/* End XCConfigurationList section */
	};
	rootObject = 3F3E907B2C22325F00802E61 /* Project object */;
}
